// !$*UTF8*$!
{
	archiveVersion = 1;
	classes = {
	};
	objectVersion = 55;
	objects = {

/* Begin PBXBuildFile section */
		05DEDFB528EEA671008A885B /* AppDelegate.swift in Sources */ = {isa = PBXBuildFile; fileRef = 05DEDFB428EEA671008A885B /* AppDelegate.swift */; };
		05DEDFB728EEA672008A885B /* SceneDelegate.swift in Sources */ = {isa = PBXBuildFile; fileRef = 05DEDFB628EEA672008A885B /* SceneDelegate.swift */; };
		05DEDFB928EEA672008A885B /* ViewController.swift in Sources */ = {isa = PBXBuildFile; fileRef = 05DEDFB828EEA672008A885B /* ViewController.swift */; };
		05DEDFBC28EEA672008A885B /* Main.storyboard in Resources */ = {isa = PBXBuildFile; fileRef = 05DEDFBA28EEA672008A885B /* Main.storyboard */; };
		05DEDFBE28EEA673008A885B /* Assets.xcassets in Resources */ = {isa = PBXBuildFile; fileRef = 05DEDFBD28EEA673008A885B /* Assets.xcassets */; };
		05DEDFC128EEA673008A885B /* LaunchScreen.storyboard in Resources */ = {isa = PBXBuildFile; fileRef = 05DEDFBF28EEA673008A885B /* LaunchScreen.storyboard */; };
		05DEDFCC28EEA674008A885B /* ReachabilityManagerTests.swift in Sources */ = {isa = PBXBuildFile; fileRef = 05DEDFCB28EEA674008A885B /* ReachabilityManagerTests.swift */; };
		05DEDFE528EEFE07008A885B /* ReachabilityManager.swift in Sources */ = {isa = PBXBuildFile; fileRef = 05DEDFE428EEFE07008A885B /* ReachabilityManager.swift */; };
		05DEDFE828EF01BF008A885B /* SwiftMessages in Frameworks */ = {isa = PBXBuildFile; productRef = 05DEDFE728EF01BF008A885B /* SwiftMessages */; };
		05DEDFEA28EFF2BF008A885B /* ReachabilityViewAdaptor.swift in Sources */ = {isa = PBXBuildFile; fileRef = 05DEDFE928EFF2BF008A885B /* ReachabilityViewAdaptor.swift */; };
		05DEDFEC28EFF2D0008A885B /* ReachabilityViewAdaptorTests.swift in Sources */ = {isa = PBXBuildFile; fileRef = 05DEDFEB28EFF2D0008A885B /* ReachabilityViewAdaptorTests.swift */; };
/* End PBXBuildFile section */

/* Begin PBXContainerItemProxy section */
		05DEDFC828EEA674008A885B /* PBXContainerItemProxy */ = {
			isa = PBXContainerItemProxy;
			containerPortal = 05DEDFA928EEA671008A885B /* Project object */;
			proxyType = 1;
			remoteGlobalIDString = 05DEDFB028EEA671008A885B;
			remoteInfo = Reachability;
		};
/* End PBXContainerItemProxy section */

/* Begin PBXFileReference section */
		05DEDFB128EEA671008A885B /* Reachability.app */ = {isa = PBXFileReference; explicitFileType = wrapper.application; includeInIndex = 0; path = Reachability.app; sourceTree = BUILT_PRODUCTS_DIR; };
		05DEDFB428EEA671008A885B /* AppDelegate.swift */ = {isa = PBXFileReference; lastKnownFileType = sourcecode.swift; path = AppDelegate.swift; sourceTree = "<group>"; };
		05DEDFB628EEA672008A885B /* SceneDelegate.swift */ = {isa = PBXFileReference; lastKnownFileType = sourcecode.swift; path = SceneDelegate.swift; sourceTree = "<group>"; };
		05DEDFB828EEA672008A885B /* ViewController.swift */ = {isa = PBXFileReference; lastKnownFileType = sourcecode.swift; path = ViewController.swift; sourceTree = "<group>"; };
		05DEDFBB28EEA672008A885B /* Base */ = {isa = PBXFileReference; lastKnownFileType = file.storyboard; name = Base; path = Base.lproj/Main.storyboard; sourceTree = "<group>"; };
		05DEDFBD28EEA673008A885B /* Assets.xcassets */ = {isa = PBXFileReference; lastKnownFileType = folder.assetcatalog; path = Assets.xcassets; sourceTree = "<group>"; };
		05DEDFC028EEA673008A885B /* Base */ = {isa = PBXFileReference; lastKnownFileType = file.storyboard; name = Base; path = Base.lproj/LaunchScreen.storyboard; sourceTree = "<group>"; };
		05DEDFC228EEA673008A885B /* Info.plist */ = {isa = PBXFileReference; lastKnownFileType = text.plist.xml; path = Info.plist; sourceTree = "<group>"; };
		05DEDFC728EEA674008A885B /* ReachabilityTests.xctest */ = {isa = PBXFileReference; explicitFileType = wrapper.cfbundle; includeInIndex = 0; path = ReachabilityTests.xctest; sourceTree = BUILT_PRODUCTS_DIR; };
		05DEDFCB28EEA674008A885B /* ReachabilityManagerTests.swift */ = {isa = PBXFileReference; lastKnownFileType = sourcecode.swift; path = ReachabilityManagerTests.swift; sourceTree = "<group>"; };
		05DEDFE428EEFE07008A885B /* ReachabilityManager.swift */ = {isa = PBXFileReference; lastKnownFileType = sourcecode.swift; path = ReachabilityManager.swift; sourceTree = "<group>"; };
		05DEDFE928EFF2BF008A885B /* ReachabilityViewAdaptor.swift */ = {isa = PBXFileReference; lastKnownFileType = sourcecode.swift; path = ReachabilityViewAdaptor.swift; sourceTree = "<group>"; };
		05DEDFEB28EFF2D0008A885B /* ReachabilityViewAdaptorTests.swift */ = {isa = PBXFileReference; lastKnownFileType = sourcecode.swift; path = ReachabilityViewAdaptorTests.swift; sourceTree = "<group>"; };
/* End PBXFileReference section */

/* Begin PBXFrameworksBuildPhase section */
		05DEDFAE28EEA671008A885B /* Frameworks */ = {
			isa = PBXFrameworksBuildPhase;
			buildActionMask = 2147483647;
			files = (
				05DEDFE828EF01BF008A885B /* SwiftMessages in Frameworks */,
			);
			runOnlyForDeploymentPostprocessing = 0;
		};
		05DEDFC428EEA674008A885B /* Frameworks */ = {
			isa = PBXFrameworksBuildPhase;
			buildActionMask = 2147483647;
			files = (
			);
			runOnlyForDeploymentPostprocessing = 0;
		};
/* End PBXFrameworksBuildPhase section */

/* Begin PBXGroup section */
		05DEDFA828EEA671008A885B = {
			isa = PBXGroup;
			children = (
				05DEDFB328EEA671008A885B /* Reachability */,
				05DEDFCA28EEA674008A885B /* ReachabilityTests */,
				05DEDFB228EEA671008A885B /* Products */,
			);
			sourceTree = "<group>";
		};
		05DEDFB228EEA671008A885B /* Products */ = {
			isa = PBXGroup;
			children = (
				05DEDFB128EEA671008A885B /* Reachability.app */,
				05DEDFC728EEA674008A885B /* ReachabilityTests.xctest */,
			);
			name = Products;
			sourceTree = "<group>";
		};
		05DEDFB328EEA671008A885B /* Reachability */ = {
			isa = PBXGroup;
			children = (
				05DEDFB428EEA671008A885B /* AppDelegate.swift */,
				05DEDFB628EEA672008A885B /* SceneDelegate.swift */,
				05DEDFB828EEA672008A885B /* ViewController.swift */,
				05DEDFBA28EEA672008A885B /* Main.storyboard */,
				05DEDFBD28EEA673008A885B /* Assets.xcassets */,
				05DEDFBF28EEA673008A885B /* LaunchScreen.storyboard */,
				05DEDFC228EEA673008A885B /* Info.plist */,
				05DEDFE428EEFE07008A885B /* ReachabilityManager.swift */,
				05DEDFE928EFF2BF008A885B /* ReachabilityViewAdaptor.swift */,
			);
			path = Reachability;
			sourceTree = "<group>";
		};
		05DEDFCA28EEA674008A885B /* ReachabilityTests */ = {
			isa = PBXGroup;
			children = (
				05DEDFCB28EEA674008A885B /* ReachabilityManagerTests.swift */,
				05DEDFEB28EFF2D0008A885B /* ReachabilityViewAdaptorTests.swift */,
			);
			path = ReachabilityTests;
			sourceTree = "<group>";
		};
/* End PBXGroup section */

/* Begin PBXNativeTarget section */
		05DEDFB028EEA671008A885B /* Reachability */ = {
			isa = PBXNativeTarget;
			buildConfigurationList = 05DEDFDB28EEA674008A885B /* Build configuration list for PBXNativeTarget "Reachability" */;
			buildPhases = (
				05DEDFAD28EEA671008A885B /* Sources */,
				05DEDFAE28EEA671008A885B /* Frameworks */,
				05DEDFAF28EEA671008A885B /* Resources */,
			);
			buildRules = (
			);
			dependencies = (
			);
			name = Reachability;
			packageProductDependencies = (
				05DEDFE728EF01BF008A885B /* SwiftMessages */,
			);
			productName = Reachability;
			productReference = 05DEDFB128EEA671008A885B /* Reachability.app */;
			productType = "com.apple.product-type.application";
		};
		05DEDFC628EEA674008A885B /* ReachabilityTests */ = {
			isa = PBXNativeTarget;
			buildConfigurationList = 05DEDFDE28EEA674008A885B /* Build configuration list for PBXNativeTarget "ReachabilityTests" */;
			buildPhases = (
				05DEDFC328EEA674008A885B /* Sources */,
				05DEDFC428EEA674008A885B /* Frameworks */,
				05DEDFC528EEA674008A885B /* Resources */,
			);
			buildRules = (
			);
			dependencies = (
				05DEDFC928EEA674008A885B /* PBXTargetDependency */,
			);
			name = ReachabilityTests;
			productName = ReachabilityTests;
			productReference = 05DEDFC728EEA674008A885B /* ReachabilityTests.xctest */;
			productType = "com.apple.product-type.bundle.unit-test";
		};
/* End PBXNativeTarget section */

/* Begin PBXProject section */
		05DEDFA928EEA671008A885B /* Project object */ = {
			isa = PBXProject;
			attributes = {
				BuildIndependentTargetsInParallel = 1;
				LastSwiftUpdateCheck = 1340;
				LastUpgradeCheck = 1340;
				TargetAttributes = {
					05DEDFB028EEA671008A885B = {
						CreatedOnToolsVersion = 13.4.1;
					};
					05DEDFC628EEA674008A885B = {
						CreatedOnToolsVersion = 13.4.1;
						TestTargetID = 05DEDFB028EEA671008A885B;
					};
				};
			};
			buildConfigurationList = 05DEDFAC28EEA671008A885B /* Build configuration list for PBXProject "Reachability" */;
			compatibilityVersion = "Xcode 13.0";
			developmentRegion = en;
			hasScannedForEncodings = 0;
			knownRegions = (
				en,
				Base,
			);
			mainGroup = 05DEDFA828EEA671008A885B;
			packageReferences = (
				05DEDFE628EF01BF008A885B /* XCRemoteSwiftPackageReference "SwiftMessages" */,
			);
			productRefGroup = 05DEDFB228EEA671008A885B /* Products */;
			projectDirPath = "";
			projectRoot = "";
			targets = (
				05DEDFB028EEA671008A885B /* Reachability */,
				05DEDFC628EEA674008A885B /* ReachabilityTests */,
			);
		};
/* End PBXProject section */

/* Begin PBXResourcesBuildPhase section */
		05DEDFAF28EEA671008A885B /* Resources */ = {
			isa = PBXResourcesBuildPhase;
			buildActionMask = 2147483647;
			files = (
				05DEDFC128EEA673008A885B /* LaunchScreen.storyboard in Resources */,
				05DEDFBE28EEA673008A885B /* Assets.xcassets in Resources */,
				05DEDFBC28EEA672008A885B /* Main.storyboard in Resources */,
			);
			runOnlyForDeploymentPostprocessing = 0;
		};
		05DEDFC528EEA674008A885B /* Resources */ = {
			isa = PBXResourcesBuildPhase;
			buildActionMask = 2147483647;
			files = (
			);
			runOnlyForDeploymentPostprocessing = 0;
		};
/* End PBXResourcesBuildPhase section */

/* Begin PBXSourcesBuildPhase section */
		05DEDFAD28EEA671008A885B /* Sources */ = {
			isa = PBXSourcesBuildPhase;
			buildActionMask = 2147483647;
			files = (
				05DEDFE528EEFE07008A885B /* ReachabilityManager.swift in Sources */,
				05DEDFEA28EFF2BF008A885B /* ReachabilityViewAdaptor.swift in Sources */,
				05DEDFB928EEA672008A885B /* ViewController.swift in Sources */,
				05DEDFB528EEA671008A885B /* AppDelegate.swift in Sources */,
				05DEDFB728EEA672008A885B /* SceneDelegate.swift in Sources */,
			);
			runOnlyForDeploymentPostprocessing = 0;
		};
		05DEDFC328EEA674008A885B /* Sources */ = {
			isa = PBXSourcesBuildPhase;
			buildActionMask = 2147483647;
			files = (
				05DEDFCC28EEA674008A885B /* ReachabilityManagerTests.swift in Sources */,
				05DEDFEC28EFF2D0008A885B /* ReachabilityViewAdaptorTests.swift in Sources */,
			);
			runOnlyForDeploymentPostprocessing = 0;
		};
/* End PBXSourcesBuildPhase section */

/* Begin PBXTargetDependency section */
		05DEDFC928EEA674008A885B /* PBXTargetDependency */ = {
			isa = PBXTargetDependency;
			target = 05DEDFB028EEA671008A885B /* Reachability */;
			targetProxy = 05DEDFC828EEA674008A885B /* PBXContainerItemProxy */;
		};
/* End PBXTargetDependency section */

/* Begin PBXVariantGroup section */
		05DEDFBA28EEA672008A885B /* Main.storyboard */ = {
			isa = PBXVariantGroup;
			children = (
				05DEDFBB28EEA672008A885B /* Base */,
			);
			name = Main.storyboard;
			sourceTree = "<group>";
		};
		05DEDFBF28EEA673008A885B /* LaunchScreen.storyboard */ = {
			isa = PBXVariantGroup;
			children = (
				05DEDFC028EEA673008A885B /* Base */,
			);
			name = LaunchScreen.storyboard;
			sourceTree = "<group>";
		};
/* End PBXVariantGroup section */

/* Begin XCBuildConfiguration section */
		05DEDFD928EEA674008A885B /* Debug */ = {
			isa = XCBuildConfiguration;
			buildSettings = {
				ALWAYS_SEARCH_USER_PATHS = NO;
				CLANG_ANALYZER_NONNULL = YES;
				CLANG_ANALYZER_NUMBER_OBJECT_CONVERSION = YES_AGGRESSIVE;
				CLANG_CXX_LANGUAGE_STANDARD = "gnu++17";
				CLANG_ENABLE_MODULES = YES;
				CLANG_ENABLE_OBJC_ARC = YES;
				CLANG_ENABLE_OBJC_WEAK = YES;
				CLANG_WARN_BLOCK_CAPTURE_AUTORELEASING = YES;
				CLANG_WARN_BOOL_CONVERSION = YES;
				CLANG_WARN_COMMA = YES;
				CLANG_WARN_CONSTANT_CONVERSION = YES;
				CLANG_WARN_DEPRECATED_OBJC_IMPLEMENTATIONS = YES;
				CLANG_WARN_DIRECT_OBJC_ISA_USAGE = YES_ERROR;
				CLANG_WARN_DOCUMENTATION_COMMENTS = YES;
				CLANG_WARN_EMPTY_BODY = YES;
				CLANG_WARN_ENUM_CONVERSION = YES;
				CLANG_WARN_INFINITE_RECURSION = YES;
				CLANG_WARN_INT_CONVERSION = YES;
				CLANG_WARN_NON_LITERAL_NULL_CONVERSION = YES;
				CLANG_WARN_OBJC_IMPLICIT_RETAIN_SELF = YES;
				CLANG_WARN_OBJC_LITERAL_CONVERSION = YES;
				CLANG_WARN_OBJC_ROOT_CLASS = YES_ERROR;
				CLANG_WARN_QUOTED_INCLUDE_IN_FRAMEWORK_HEADER = YES;
				CLANG_WARN_RANGE_LOOP_ANALYSIS = YES;
				CLANG_WARN_STRICT_PROTOTYPES = YES;
				CLANG_WARN_SUSPICIOUS_MOVE = YES;
				CLANG_WARN_UNGUARDED_AVAILABILITY = YES_AGGRESSIVE;
				CLANG_WARN_UNREACHABLE_CODE = YES;
				CLANG_WARN__DUPLICATE_METHOD_MATCH = YES;
				COPY_PHASE_STRIP = NO;
				DEBUG_INFORMATION_FORMAT = dwarf;
				ENABLE_STRICT_OBJC_MSGSEND = YES;
				ENABLE_TESTABILITY = YES;
				GCC_C_LANGUAGE_STANDARD = gnu11;
				GCC_DYNAMIC_NO_PIC = NO;
				GCC_NO_COMMON_BLOCKS = YES;
				GCC_OPTIMIZATION_LEVEL = 0;
				GCC_PREPROCESSOR_DEFINITIONS = (
					"DEBUG=1",
					"$(inherited)",
				);
				GCC_WARN_64_TO_32_BIT_CONVERSION = YES;
				GCC_WARN_ABOUT_RETURN_TYPE = YES_ERROR;
				GCC_WARN_UNDECLARED_SELECTOR = YES;
				GCC_WARN_UNINITIALIZED_AUTOS = YES_AGGRESSIVE;
				GCC_WARN_UNUSED_FUNCTION = YES;
				GCC_WARN_UNUSED_VARIABLE = YES;
				IPHONEOS_DEPLOYMENT_TARGET = 15.5;
				MTL_ENABLE_DEBUG_INFO = INCLUDE_SOURCE;
				MTL_FAST_MATH = YES;
				ONLY_ACTIVE_ARCH = YES;
				SDKROOT = iphoneos;
				SWIFT_ACTIVE_COMPILATION_CONDITIONS = DEBUG;
				SWIFT_OPTIMIZATION_LEVEL = "-Onone";
			};
			name = Debug;
		};
		05DEDFDA28EEA674008A885B /* Release */ = {
			isa = XCBuildConfiguration;
			buildSettings = {
				ALWAYS_SEARCH_USER_PATHS = NO;
				CLANG_ANALYZER_NONNULL = YES;
				CLANG_ANALYZER_NUMBER_OBJECT_CONVERSION = YES_AGGRESSIVE;
				CLANG_CXX_LANGUAGE_STANDARD = "gnu++17";
				CLANG_ENABLE_MODULES = YES;
				CLANG_ENABLE_OBJC_ARC = YES;
				CLANG_ENABLE_OBJC_WEAK = YES;
				CLANG_WARN_BLOCK_CAPTURE_AUTORELEASING = YES;
				CLANG_WARN_BOOL_CONVERSION = YES;
				CLANG_WARN_COMMA = YES;
				CLANG_WARN_CONSTANT_CONVERSION = YES;
				CLANG_WARN_DEPRECATED_OBJC_IMPLEMENTATIONS = YES;
				CLANG_WARN_DIRECT_OBJC_ISA_USAGE = YES_ERROR;
				CLANG_WARN_DOCUMENTATION_COMMENTS = YES;
				CLANG_WARN_EMPTY_BODY = YES;
				CLANG_WARN_ENUM_CONVERSION = YES;
				CLANG_WARN_INFINITE_RECURSION = YES;
				CLANG_WARN_INT_CONVERSION = YES;
				CLANG_WARN_NON_LITERAL_NULL_CONVERSION = YES;
				CLANG_WARN_OBJC_IMPLICIT_RETAIN_SELF = YES;
				CLANG_WARN_OBJC_LITERAL_CONVERSION = YES;
				CLANG_WARN_OBJC_ROOT_CLASS = YES_ERROR;
				CLANG_WARN_QUOTED_INCLUDE_IN_FRAMEWORK_HEADER = YES;
				CLANG_WARN_RANGE_LOOP_ANALYSIS = YES;
				CLANG_WARN_STRICT_PROTOTYPES = YES;
				CLANG_WARN_SUSPICIOUS_MOVE = YES;
				CLANG_WARN_UNGUARDED_AVAILABILITY = YES_AGGRESSIVE;
				CLANG_WARN_UNREACHABLE_CODE = YES;
				CLANG_WARN__DUPLICATE_METHOD_MATCH = YES;
				COPY_PHASE_STRIP = NO;
				DEBUG_INFORMATION_FORMAT = "dwarf-with-dsym";
				ENABLE_NS_ASSERTIONS = NO;
				ENABLE_STRICT_OBJC_MSGSEND = YES;
				GCC_C_LANGUAGE_STANDARD = gnu11;
				GCC_NO_COMMON_BLOCKS = YES;
				GCC_WARN_64_TO_32_BIT_CONVERSION = YES;
				GCC_WARN_ABOUT_RETURN_TYPE = YES_ERROR;
				GCC_WARN_UNDECLARED_SELECTOR = YES;
				GCC_WARN_UNINITIALIZED_AUTOS = YES_AGGRESSIVE;
				GCC_WARN_UNUSED_FUNCTION = YES;
				GCC_WARN_UNUSED_VARIABLE = YES;
				IPHONEOS_DEPLOYMENT_TARGET = 15.5;
				MTL_ENABLE_DEBUG_INFO = NO;
				MTL_FAST_MATH = YES;
				SDKROOT = iphoneos;
				SWIFT_COMPILATION_MODE = wholemodule;
				SWIFT_OPTIMIZATION_LEVEL = "-O";
				VALIDATE_PRODUCT = YES;
			};
			name = Release;
		};
		05DEDFDC28EEA674008A885B /* Debug */ = {
			isa = XCBuildConfiguration;
			buildSettings = {
				ASSETCATALOG_COMPILER_APPICON_NAME = AppIcon;
				ASSETCATALOG_COMPILER_GLOBAL_ACCENT_COLOR_NAME = AccentColor;
				CODE_SIGN_STYLE = Automatic;
				CURRENT_PROJECT_VERSION = 1;
				GENERATE_INFOPLIST_FILE = YES;
				INFOPLIST_FILE = Reachability/Info.plist;
				INFOPLIST_KEY_UIApplicationSupportsIndirectInputEvents = YES;
				INFOPLIST_KEY_UILaunchStoryboardName = LaunchScreen;
				INFOPLIST_KEY_UIMainStoryboardFile = Main;
				INFOPLIST_KEY_UISupportedInterfaceOrientations_iPad = "UIInterfaceOrientationPortrait UIInterfaceOrientationPortraitUpsideDown UIInterfaceOrientationLandscapeLeft UIInterfaceOrientationLandscapeRight";
				INFOPLIST_KEY_UISupportedInterfaceOrientations_iPhone = "UIInterfaceOrientationPortrait UIInterfaceOrientationLandscapeLeft UIInterfaceOrientationLandscapeRight";
				LD_RUNPATH_SEARCH_PATHS = (
					"$(inherited)",
					"@executable_path/Frameworks",
				);
				MARKETING_VERSION = 1.0;
				PRODUCT_BUNDLE_IDENTIFIER = Rapido.Reachability;
				PRODUCT_NAME = "$(TARGET_NAME)";
				SWIFT_EMIT_LOC_STRINGS = YES;
				SWIFT_VERSION = 5.0;
				TARGETED_DEVICE_FAMILY = "1,2";
			};
			name = Debug;
		};
		05DEDFDD28EEA674008A885B /* Release */ = {
			isa = XCBuildConfiguration;
			buildSettings = {
				ASSETCATALOG_COMPILER_APPICON_NAME = AppIcon;
				ASSETCATALOG_COMPILER_GLOBAL_ACCENT_COLOR_NAME = AccentColor;
				CODE_SIGN_STYLE = Automatic;
				CURRENT_PROJECT_VERSION = 1;
				GENERATE_INFOPLIST_FILE = YES;
				INFOPLIST_FILE = Reachability/Info.plist;
				INFOPLIST_KEY_UIApplicationSupportsIndirectInputEvents = YES;
				INFOPLIST_KEY_UILaunchStoryboardName = LaunchScreen;
				INFOPLIST_KEY_UIMainStoryboardFile = Main;
				INFOPLIST_KEY_UISupportedInterfaceOrientations_iPad = "UIInterfaceOrientationPortrait UIInterfaceOrientationPortraitUpsideDown UIInterfaceOrientationLandscapeLeft UIInterfaceOrientationLandscapeRight";
				INFOPLIST_KEY_UISupportedInterfaceOrientations_iPhone = "UIInterfaceOrientationPortrait UIInterfaceOrientationLandscapeLeft UIInterfaceOrientationLandscapeRight";
				LD_RUNPATH_SEARCH_PATHS = (
					"$(inherited)",
					"@executable_path/Frameworks",
				);
				MARKETING_VERSION = 1.0;
				PRODUCT_BUNDLE_IDENTIFIER = Rapido.Reachability;
				PRODUCT_NAME = "$(TARGET_NAME)";
				SWIFT_EMIT_LOC_STRINGS = YES;
				SWIFT_VERSION = 5.0;
				TARGETED_DEVICE_FAMILY = "1,2";
			};
			name = Release;
		};
		05DEDFDF28EEA674008A885B /* Debug */ = {
			isa = XCBuildConfiguration;
			buildSettings = {
				ALWAYS_EMBED_SWIFT_STANDARD_LIBRARIES = YES;
				BUNDLE_LOADER = "$(TEST_HOST)";
				CODE_SIGN_STYLE = Automatic;
				CURRENT_PROJECT_VERSION = 1;
				GENERATE_INFOPLIST_FILE = YES;
				IPHONEOS_DEPLOYMENT_TARGET = 15.5;
				MARKETING_VERSION = 1.0;
				PRODUCT_BUNDLE_IDENTIFIER = Rapido.ReachabilityTests;
				PRODUCT_NAME = "$(TARGET_NAME)";
				SWIFT_EMIT_LOC_STRINGS = NO;
				SWIFT_VERSION = 5.0;
				TARGETED_DEVICE_FAMILY = "1,2";
				TEST_HOST = "$(BUILT_PRODUCTS_DIR)/Reachability.app/Reachability";
			};
			name = Debug;
		};
		05DEDFE028EEA674008A885B /* Release */ = {
			isa = XCBuildConfiguration;
			buildSettings = {
				ALWAYS_EMBED_SWIFT_STANDARD_LIBRARIES = YES;
				BUNDLE_LOADER = "$(TEST_HOST)";
				CODE_SIGN_STYLE = Automatic;
				CURRENT_PROJECT_VERSION = 1;
				GENERATE_INFOPLIST_FILE = YES;
				IPHONEOS_DEPLOYMENT_TARGET = 15.5;
				MARKETING_VERSION = 1.0;
				PRODUCT_BUNDLE_IDENTIFIER = Rapido.ReachabilityTests;
				PRODUCT_NAME = "$(TARGET_NAME)";
				SWIFT_EMIT_LOC_STRINGS = NO;
				SWIFT_VERSION = 5.0;
				TARGETED_DEVICE_FAMILY = "1,2";
				TEST_HOST = "$(BUILT_PRODUCTS_DIR)/Reachability.app/Reachability";
			};
			name = Release;
		};
/* End XCBuildConfiguration section */

/* Begin XCConfigurationList section */
		05DEDFAC28EEA671008A885B /* Build configuration list for PBXProject "Reachability" */ = {
			isa = XCConfigurationList;
			buildConfigurations = (
				05DEDFD928EEA674008A885B /* Debug */,
				05DEDFDA28EEA674008A885B /* Release */,
			);
			defaultConfigurationIsVisible = 0;
			defaultConfigurationName = Release;
		};
		05DEDFDB28EEA674008A885B /* Build configuration list for PBXNativeTarget "Reachability" */ = {
			isa = XCConfigurationList;
			buildConfigurations = (
				05DEDFDC28EEA674008A885B /* Debug */,
				05DEDFDD28EEA674008A885B /* Release */,
			);
			defaultConfigurationIsVisible = 0;
			defaultConfigurationName = Release;
		};
		05DEDFDE28EEA674008A885B /* Build configuration list for PBXNativeTarget "ReachabilityTests" */ = {
			isa = XCConfigurationList;
			buildConfigurations = (
				05DEDFDF28EEA674008A885B /* Debug */,
				05DEDFE028EEA674008A885B /* Release */,
			);
			defaultConfigurationIsVisible = 0;
			defaultConfigurationName = Release;
		};
/* End XCConfigurationList section */

/* Begin XCRemoteSwiftPackageReference section */
		05DEDFE628EF01BF008A885B /* XCRemoteSwiftPackageReference "SwiftMessages" */ = {
			isa = XCRemoteSwiftPackageReference;
			repositoryURL = "https://github.com/SwiftKickMobile/SwiftMessages";
			requirement = {
				kind = upToNextMajorVersion;
				minimumVersion = 9.0.0;
			};
		};
/* End XCRemoteSwiftPackageReference section */

/* Begin XCSwiftPackageProductDependency section */
		05DEDFE728EF01BF008A885B /* SwiftMessages */ = {
			isa = XCSwiftPackageProductDependency;
			package = 05DEDFE628EF01BF008A885B /* XCRemoteSwiftPackageReference "SwiftMessages" */;
			productName = SwiftMessages;
		};
/* End XCSwiftPackageProductDependency section */
	};
	rootObject = 05DEDFA928EEA671008A885B /* Project object */;
}
